// !$*UTF8*$!
{
	archiveVersion = 1;
	classes = {
	};
	objectVersion = 50;
	objects = {

/* Begin PBXBuildFile section */
		CD25AF94255644D10006A5CC /* PROJECTApp.swift in Sources */ = {isa = PBXBuildFile; fileRef = CD25AF93255644D10006A5CC /* PROJECTApp.swift */; };
		CD25AF96255644D10006A5CC /* ContentView.swift in Sources */ = {isa = PBXBuildFile; fileRef = CD25AF95255644D10006A5CC /* ContentView.swift */; };
		CD25AF98255644D40006A5CC /* Assets.xcassets in Resources */ = {isa = PBXBuildFile; fileRef = CD25AF97255644D40006A5CC /* Assets.xcassets */; };
		CD25AF9B255644D40006A5CC /* Preview Assets.xcassets in Resources */ = {isa = PBXBuildFile; fileRef = CD25AF9A255644D40006A5CC /* Preview Assets.xcassets */; };
		CD25AFA6255644D40006A5CC /* PROJECTTests.swift in Sources */ = {isa = PBXBuildFile; fileRef = CD25AFA5255644D40006A5CC /* PROJECTTests.swift */; };
		CD25AFB1255644D40006A5CC /* PROJECTUITests.swift in Sources */ = {isa = PBXBuildFile; fileRef = CD25AFB0255644D40006A5CC /* PROJECTUITests.swift */; };
/* End PBXBuildFile section */

/* Begin PBXContainerItemProxy section */
		CD25AFA2255644D40006A5CC /* PBXContainerItemProxy */ = {
			isa = PBXContainerItemProxy;
			containerPortal = CD25AF88255644D10006A5CC /* Project object */;
			proxyType = 1;
			remoteGlobalIDString = CD25AF8F255644D10006A5CC;
			remoteInfo = PROJECT;
		};
		CD25AFAD255644D40006A5CC /* PBXContainerItemProxy */ = {
			isa = PBXContainerItemProxy;
			containerPortal = CD25AF88255644D10006A5CC /* Project object */;
			proxyType = 1;
			remoteGlobalIDString = CD25AF8F255644D10006A5CC;
			remoteInfo = PROJECT;
		};
/* End PBXContainerItemProxy section */

/* Begin PBXFileReference section */
		CD25AF90255644D10006A5CC /* PROJECT.app */ = {isa = PBXFileReference; explicitFileType = wrapper.application; includeInIndex = 0; path = PROJECT.app; sourceTree = BUILT_PRODUCTS_DIR; };
		CD25AF93255644D10006A5CC /* PROJECTApp.swift */ = {isa = PBXFileReference; lastKnownFileType = sourcecode.swift; path = PROJECTApp.swift; sourceTree = "<group>"; };
		CD25AF95255644D10006A5CC /* ContentView.swift */ = {isa = PBXFileReference; lastKnownFileType = sourcecode.swift; path = ContentView.swift; sourceTree = "<group>"; };
		CD25AF97255644D40006A5CC /* Assets.xcassets */ = {isa = PBXFileReference; lastKnownFileType = folder.assetcatalog; path = Assets.xcassets; sourceTree = "<group>"; };
		CD25AF9A255644D40006A5CC /* Preview Assets.xcassets */ = {isa = PBXFileReference; lastKnownFileType = folder.assetcatalog; path = "Preview Assets.xcassets"; sourceTree = "<group>"; };
		CD25AF9C255644D40006A5CC /* Info.plist */ = {isa = PBXFileReference; lastKnownFileType = text.plist.xml; path = Info.plist; sourceTree = "<group>"; };
		CD25AFA1255644D40006A5CC /* PROJECTTests.xctest */ = {isa = PBXFileReference; explicitFileType = wrapper.cfbundle; includeInIndex = 0; path = PROJECTTests.xctest; sourceTree = BUILT_PRODUCTS_DIR; };
		CD25AFA5255644D40006A5CC /* PROJECTTests.swift */ = {isa = PBXFileReference; lastKnownFileType = sourcecode.swift; path = PROJECTTests.swift; sourceTree = "<group>"; };
		CD25AFA7255644D40006A5CC /* Info.plist */ = {isa = PBXFileReference; lastKnownFileType = text.plist.xml; path = Info.plist; sourceTree = "<group>"; };
		CD25AFAC255644D40006A5CC /* PROJECTUITests.xctest */ = {isa = PBXFileReference; explicitFileType = wrapper.cfbundle; includeInIndex = 0; path = PROJECTUITests.xctest; sourceTree = BUILT_PRODUCTS_DIR; };
		CD25AFB0255644D40006A5CC /* PROJECTUITests.swift */ = {isa = PBXFileReference; lastKnownFileType = sourcecode.swift; path = PROJECTUITests.swift; sourceTree = "<group>"; };
		CD25AFB2255644D40006A5CC /* Info.plist */ = {isa = PBXFileReference; lastKnownFileType = text.plist.xml; path = Info.plist; sourceTree = "<group>"; };
/* End PBXFileReference section */

/* Begin PBXFrameworksBuildPhase section */
		CD25AF8D255644D10006A5CC /* Frameworks */ = {
			isa = PBXFrameworksBuildPhase;
			buildActionMask = 2147483647;
			files = (
			);
			runOnlyForDeploymentPostprocessing = 0;
		};
		CD25AF9E255644D40006A5CC /* Frameworks */ = {
			isa = PBXFrameworksBuildPhase;
			buildActionMask = 2147483647;
			files = (
			);
			runOnlyForDeploymentPostprocessing = 0;
		};
		CD25AFA9255644D40006A5CC /* Frameworks */ = {
			isa = PBXFrameworksBuildPhase;
			buildActionMask = 2147483647;
			files = (
			);
			runOnlyForDeploymentPostprocessing = 0;
		};
/* End PBXFrameworksBuildPhase section */

/* Begin PBXGroup section */
		CD25AF87255644D10006A5CC = {
			isa = PBXGroup;
			children = (
				CD25AFCB25564DC00006A5CC /* Podspec Metadata */,
				CD25AF92255644D10006A5CC /* PROJECT */,
				CD25AFA4255644D40006A5CC /* PROJECTTests */,
				CD25AFAF255644D40006A5CC /* PROJECTUITests */,
				CD25AF91255644D10006A5CC /* Products */,
			);
			sourceTree = "<group>";
		};
		CD25AF91255644D10006A5CC /* Products */ = {
			isa = PBXGroup;
			children = (
				CD25AF90255644D10006A5CC /* PROJECT.app */,
				CD25AFA1255644D40006A5CC /* PROJECTTests.xctest */,
				CD25AFAC255644D40006A5CC /* PROJECTUITests.xctest */,
			);
			name = Products;
			sourceTree = "<group>";
		};
		CD25AF92255644D10006A5CC /* PROJECT */ = {
			isa = PBXGroup;
			children = (
				CD25AF93255644D10006A5CC /* PROJECTApp.swift */,
				CD25AF95255644D10006A5CC /* ContentView.swift */,
				CD25AF97255644D40006A5CC /* Assets.xcassets */,
				CD25AF9C255644D40006A5CC /* Info.plist */,
				CD25AF99255644D40006A5CC /* Preview Content */,
			);
			path = PROJECT;
			sourceTree = "<group>";
		};
		CD25AF99255644D40006A5CC /* Preview Content */ = {
			isa = PBXGroup;
			children = (
				CD25AF9A255644D40006A5CC /* Preview Assets.xcassets */,
			);
			path = "Preview Content";
			sourceTree = "<group>";
		};
		CD25AFA4255644D40006A5CC /* PROJECTTests */ = {
			isa = PBXGroup;
			children = (
				CD25AFA5255644D40006A5CC /* PROJECTTests.swift */,
				CD25AFA7255644D40006A5CC /* Info.plist */,
			);
			path = PROJECTTests;
			sourceTree = "<group>";
		};
		CD25AFAF255644D40006A5CC /* PROJECTUITests */ = {
			isa = PBXGroup;
			children = (
				CD25AFB0255644D40006A5CC /* PROJECTUITests.swift */,
				CD25AFB2255644D40006A5CC /* Info.plist */,
			);
			path = PROJECTUITests;
			sourceTree = "<group>";
		};
		CD25AFCB25564DC00006A5CC /* Podspec Metadata */ = {
			isa = PBXGroup;
			children = (
			);
			path = "Podspec Metadata";
			sourceTree = "<group>";
		};
/* End PBXGroup section */

/* Begin PBXNativeTarget section */
		CD25AF8F255644D10006A5CC /* PROJECT */ = {
			isa = PBXNativeTarget;
			buildConfigurationList = CD25AFB5255644D40006A5CC /* Build configuration list for PBXNativeTarget "PROJECT" */;
			buildPhases = (
				CD25AF8C255644D10006A5CC /* Sources */,
				CD25AF8D255644D10006A5CC /* Frameworks */,
				CD25AF8E255644D10006A5CC /* Resources */,
			);
			buildRules = (
			);
			dependencies = (
			);
			name = PROJECT;
			productName = PROJECT;
			productReference = CD25AF90255644D10006A5CC /* PROJECT.app */;
			productType = "com.apple.product-type.application";
		};
		CD25AFA0255644D40006A5CC /* PROJECTTests */ = {
			isa = PBXNativeTarget;
			buildConfigurationList = CD25AFB8255644D40006A5CC /* Build configuration list for PBXNativeTarget "PROJECTTests" */;
			buildPhases = (
				CD25AF9D255644D40006A5CC /* Sources */,
				CD25AF9E255644D40006A5CC /* Frameworks */,
				CD25AF9F255644D40006A5CC /* Resources */,
			);
			buildRules = (
			);
			dependencies = (
				CD25AFA3255644D40006A5CC /* PBXTargetDependency */,
			);
			name = PROJECTTests;
			productName = PROJECTTests;
			productReference = CD25AFA1255644D40006A5CC /* PROJECTTests.xctest */;
			productType = "com.apple.product-type.bundle.unit-test";
		};
		CD25AFAB255644D40006A5CC /* PROJECTUITests */ = {
			isa = PBXNativeTarget;
			buildConfigurationList = CD25AFBB255644D40006A5CC /* Build configuration list for PBXNativeTarget "PROJECTUITests" */;
			buildPhases = (
				CD25AFA8255644D40006A5CC /* Sources */,
				CD25AFA9255644D40006A5CC /* Frameworks */,
				CD25AFAA255644D40006A5CC /* Resources */,
			);
			buildRules = (
			);
			dependencies = (
				CD25AFAE255644D40006A5CC /* PBXTargetDependency */,
			);
			name = PROJECTUITests;
			productName = PROJECTUITests;
			productReference = CD25AFAC255644D40006A5CC /* PROJECTUITests.xctest */;
			productType = "com.apple.product-type.bundle.ui-testing";
		};
/* End PBXNativeTarget section */

/* Begin PBXProject section */
		CD25AF88255644D10006A5CC /* Project object */ = {
			isa = PBXProject;
			attributes = {
				LastSwiftUpdateCheck = 1200;
				LastUpgradeCheck = 1200;
				TargetAttributes = {
					CD25AF8F255644D10006A5CC = {
						CreatedOnToolsVersion = 12.0;
					};
					CD25AFA0255644D40006A5CC = {
						CreatedOnToolsVersion = 12.0;
						TestTargetID = CD25AF8F255644D10006A5CC;
					};
					CD25AFAB255644D40006A5CC = {
						CreatedOnToolsVersion = 12.0;
						TestTargetID = CD25AF8F255644D10006A5CC;
					};
				};
			};
			buildConfigurationList = CD25AF8B255644D10006A5CC /* Build configuration list for PBXProject "PROJECT" */;
			compatibilityVersion = "Xcode 9.3";
			developmentRegion = en;
			hasScannedForEncodings = 0;
			knownRegions = (
				en,
				Base,
			);
			mainGroup = CD25AF87255644D10006A5CC;
			productRefGroup = CD25AF91255644D10006A5CC /* Products */;
			projectDirPath = "";
			projectRoot = "";
			targets = (
				CD25AF8F255644D10006A5CC /* PROJECT */,
				CD25AFA0255644D40006A5CC /* PROJECTTests */,
				CD25AFAB255644D40006A5CC /* PROJECTUITests */,
			);
		};
/* End PBXProject section */

/* Begin PBXResourcesBuildPhase section */
		CD25AF8E255644D10006A5CC /* Resources */ = {
			isa = PBXResourcesBuildPhase;
			buildActionMask = 2147483647;
			files = (
				CD25AF9B255644D40006A5CC /* Preview Assets.xcassets in Resources */,
				CD25AF98255644D40006A5CC /* Assets.xcassets in Resources */,
			);
			runOnlyForDeploymentPostprocessing = 0;
		};
		CD25AF9F255644D40006A5CC /* Resources */ = {
			isa = PBXResourcesBuildPhase;
			buildActionMask = 2147483647;
			files = (
			);
			runOnlyForDeploymentPostprocessing = 0;
		};
		CD25AFAA255644D40006A5CC /* Resources */ = {
			isa = PBXResourcesBuildPhase;
			buildActionMask = 2147483647;
			files = (
			);
			runOnlyForDeploymentPostprocessing = 0;
		};
/* End PBXResourcesBuildPhase section */

/* Begin PBXSourcesBuildPhase section */
		CD25AF8C255644D10006A5CC /* Sources */ = {
			isa = PBXSourcesBuildPhase;
			buildActionMask = 2147483647;
			files = (
				CD25AF96255644D10006A5CC /* ContentView.swift in Sources */,
				CD25AF94255644D10006A5CC /* PROJECTApp.swift in Sources */,
			);
			runOnlyForDeploymentPostprocessing = 0;
		};
		CD25AF9D255644D40006A5CC /* Sources */ = {
			isa = PBXSourcesBuildPhase;
			buildActionMask = 2147483647;
			files = (
				CD25AFA6255644D40006A5CC /* PROJECTTests.swift in Sources */,
			);
			runOnlyForDeploymentPostprocessing = 0;
		};
		CD25AFA8255644D40006A5CC /* Sources */ = {
			isa = PBXSourcesBuildPhase;
			buildActionMask = 2147483647;
			files = (
				CD25AFB1255644D40006A5CC /* PROJECTUITests.swift in Sources */,
			);
			runOnlyForDeploymentPostprocessing = 0;
		};
/* End PBXSourcesBuildPhase section */

/* Begin PBXTargetDependency section */
		CD25AFA3255644D40006A5CC /* PBXTargetDependency */ = {
			isa = PBXTargetDependency;
			target = CD25AF8F255644D10006A5CC /* PROJECT */;
			targetProxy = CD25AFA2255644D40006A5CC /* PBXContainerItemProxy */;
		};
		CD25AFAE255644D40006A5CC /* PBXTargetDependency */ = {
			isa = PBXTargetDependency;
			target = CD25AF8F255644D10006A5CC /* PROJECT */;
			targetProxy = CD25AFAD255644D40006A5CC /* PBXContainerItemProxy */;
		};
/* End PBXTargetDependency section */

/* Begin XCBuildConfiguration section */
		CD25AFB3255644D40006A5CC /* Debug */ = {
			isa = XCBuildConfiguration;
			buildSettings = {
				ALWAYS_SEARCH_USER_PATHS = NO;
				CLANG_ANALYZER_NONNULL = YES;
				CLANG_ANALYZER_NUMBER_OBJECT_CONVERSION = YES_AGGRESSIVE;
				CLANG_CXX_LANGUAGE_STANDARD = "gnu++14";
				CLANG_CXX_LIBRARY = "libc++";
				CLANG_ENABLE_MODULES = YES;
				CLANG_ENABLE_OBJC_ARC = YES;
				CLANG_ENABLE_OBJC_WEAK = YES;
				CLANG_WARN_BLOCK_CAPTURE_AUTORELEASING = YES;
				CLANG_WARN_BOOL_CONVERSION = YES;
				CLANG_WARN_COMMA = YES;
				CLANG_WARN_CONSTANT_CONVERSION = YES;
				CLANG_WARN_DEPRECATED_OBJC_IMPLEMENTATIONS = YES;
				CLANG_WARN_DIRECT_OBJC_ISA_USAGE = YES_ERROR;
				CLANG_WARN_DOCUMENTATION_COMMENTS = YES;
				CLANG_WARN_EMPTY_BODY = YES;
				CLANG_WARN_ENUM_CONVERSION = YES;
				CLANG_WARN_INFINITE_RECURSION = YES;
				CLANG_WARN_INT_CONVERSION = YES;
				CLANG_WARN_NON_LITERAL_NULL_CONVERSION = YES;
				CLANG_WARN_OBJC_IMPLICIT_RETAIN_SELF = YES;
				CLANG_WARN_OBJC_LITERAL_CONVERSION = YES;
				CLANG_WARN_OBJC_ROOT_CLASS = YES_ERROR;
				CLANG_WARN_QUOTED_INCLUDE_IN_FRAMEWORK_HEADER = YES;
				CLANG_WARN_RANGE_LOOP_ANALYSIS = YES;
				CLANG_WARN_STRICT_PROTOTYPES = YES;
				CLANG_WARN_SUSPICIOUS_MOVE = YES;
				CLANG_WARN_UNGUARDED_AVAILABILITY = YES_AGGRESSIVE;
				CLANG_WARN_UNREACHABLE_CODE = YES;
				CLANG_WARN__DUPLICATE_METHOD_MATCH = YES;
				COPY_PHASE_STRIP = NO;
				DEBUG_INFORMATION_FORMAT = dwarf;
				ENABLE_STRICT_OBJC_MSGSEND = YES;
				ENABLE_TESTABILITY = YES;
				GCC_C_LANGUAGE_STANDARD = gnu11;
				GCC_DYNAMIC_NO_PIC = NO;
				GCC_NO_COMMON_BLOCKS = YES;
				GCC_OPTIMIZATION_LEVEL = 0;
				GCC_PREPROCESSOR_DEFINITIONS = (
					"DEBUG=1",
					"$(inherited)",
				);
				GCC_WARN_64_TO_32_BIT_CONVERSION = YES;
				GCC_WARN_ABOUT_RETURN_TYPE = YES_ERROR;
				GCC_WARN_UNDECLARED_SELECTOR = YES;
				GCC_WARN_UNINITIALIZED_AUTOS = YES_AGGRESSIVE;
				GCC_WARN_UNUSED_FUNCTION = YES;
				GCC_WARN_UNUSED_VARIABLE = YES;
				IPHONEOS_DEPLOYMENT_TARGET = 14.0;
				MTL_ENABLE_DEBUG_INFO = INCLUDE_SOURCE;
				MTL_FAST_MATH = YES;
				ONLY_ACTIVE_ARCH = YES;
				SDKROOT = iphoneos;
				SWIFT_ACTIVE_COMPILATION_CONDITIONS = DEBUG;
				SWIFT_OPTIMIZATION_LEVEL = "-Onone";
			};
			name = Debug;
		};
		CD25AFB4255644D40006A5CC /* Release */ = {
			isa = XCBuildConfiguration;
			buildSettings = {
				ALWAYS_SEARCH_USER_PATHS = NO;
				CLANG_ANALYZER_NONNULL = YES;
				CLANG_ANALYZER_NUMBER_OBJECT_CONVERSION = YES_AGGRESSIVE;
				CLANG_CXX_LANGUAGE_STANDARD = "gnu++14";
				CLANG_CXX_LIBRARY = "libc++";
				CLANG_ENABLE_MODULES = YES;
				CLANG_ENABLE_OBJC_ARC = YES;
				CLANG_ENABLE_OBJC_WEAK = YES;
				CLANG_WARN_BLOCK_CAPTURE_AUTORELEASING = YES;
				CLANG_WARN_BOOL_CONVERSION = YES;
				CLANG_WARN_COMMA = YES;
				CLANG_WARN_CONSTANT_CONVERSION = YES;
				CLANG_WARN_DEPRECATED_OBJC_IMPLEMENTATIONS = YES;
				CLANG_WARN_DIRECT_OBJC_ISA_USAGE = YES_ERROR;
				CLANG_WARN_DOCUMENTATION_COMMENTS = YES;
				CLANG_WARN_EMPTY_BODY = YES;
				CLANG_WARN_ENUM_CONVERSION = YES;
				CLANG_WARN_INFINITE_RECURSION = YES;
				CLANG_WARN_INT_CONVERSION = YES;
				CLANG_WARN_NON_LITERAL_NULL_CONVERSION = YES;
				CLANG_WARN_OBJC_IMPLICIT_RETAIN_SELF = YES;
				CLANG_WARN_OBJC_LITERAL_CONVERSION = YES;
				CLANG_WARN_OBJC_ROOT_CLASS = YES_ERROR;
				CLANG_WARN_QUOTED_INCLUDE_IN_FRAMEWORK_HEADER = YES;
				CLANG_WARN_RANGE_LOOP_ANALYSIS = YES;
				CLANG_WARN_STRICT_PROTOTYPES = YES;
				CLANG_WARN_SUSPICIOUS_MOVE = YES;
				CLANG_WARN_UNGUARDED_AVAILABILITY = YES_AGGRESSIVE;
				CLANG_WARN_UNREACHABLE_CODE = YES;
				CLANG_WARN__DUPLICATE_METHOD_MATCH = YES;
				COPY_PHASE_STRIP = NO;
				DEBUG_INFORMATION_FORMAT = "dwarf-with-dsym";
				ENABLE_NS_ASSERTIONS = NO;
				ENABLE_STRICT_OBJC_MSGSEND = YES;
				GCC_C_LANGUAGE_STANDARD = gnu11;
				GCC_NO_COMMON_BLOCKS = YES;
				GCC_WARN_64_TO_32_BIT_CONVERSION = YES;
				GCC_WARN_ABOUT_RETURN_TYPE = YES_ERROR;
				GCC_WARN_UNDECLARED_SELECTOR = YES;
				GCC_WARN_UNINITIALIZED_AUTOS = YES_AGGRESSIVE;
				GCC_WARN_UNUSED_FUNCTION = YES;
				GCC_WARN_UNUSED_VARIABLE = YES;
				IPHONEOS_DEPLOYMENT_TARGET = 14.0;
				MTL_ENABLE_DEBUG_INFO = NO;
				MTL_FAST_MATH = YES;
				SDKROOT = iphoneos;
				SWIFT_COMPILATION_MODE = wholemodule;
				SWIFT_OPTIMIZATION_LEVEL = "-O";
				VALIDATE_PRODUCT = YES;
			};
			name = Release;
		};
		CD25AFB6255644D40006A5CC /* Debug */ = {
			isa = XCBuildConfiguration;
			buildSettings = {
				ASSETCATALOG_COMPILER_APPICON_NAME = AppIcon;
				ASSETCATALOG_COMPILER_GLOBAL_ACCENT_COLOR_NAME = AccentColor;
				CODE_SIGN_STYLE = Automatic;
				DEVELOPMENT_ASSET_PATHS = "\"PROJECT/Preview Content\"";
				DEVELOPMENT_TEAM = GE35PAF7XQ;
				ENABLE_PREVIEWS = YES;
				INFOPLIST_FILE = PROJECT/Info.plist;
				IPHONEOS_DEPLOYMENT_TARGET = 14.0;
				LD_RUNPATH_SEARCH_PATHS = (
					"$(inherited)",
					"@executable_path/Frameworks",
				);
				PRODUCT_BUNDLE_IDENTIFIER = com.pingcode.PROJECT;
				PRODUCT_NAME = "$(TARGET_NAME)";
				SWIFT_VERSION = 5.0;
				TARGETED_DEVICE_FAMILY = "1,2";
			};
			name = Debug;
		};
		CD25AFB7255644D40006A5CC /* Release */ = {
			isa = XCBuildConfiguration;
			buildSettings = {
				ASSETCATALOG_COMPILER_APPICON_NAME = AppIcon;
				ASSETCATALOG_COMPILER_GLOBAL_ACCENT_COLOR_NAME = AccentColor;
				CODE_SIGN_STYLE = Automatic;
				DEVELOPMENT_ASSET_PATHS = "\"PROJECT/Preview Content\"";
				DEVELOPMENT_TEAM = GE35PAF7XQ;
				ENABLE_PREVIEWS = YES;
				INFOPLIST_FILE = PROJECT/Info.plist;
				IPHONEOS_DEPLOYMENT_TARGET = 14.0;
				LD_RUNPATH_SEARCH_PATHS = (
					"$(inherited)",
					"@executable_path/Frameworks",
				);
				PRODUCT_BUNDLE_IDENTIFIER = com.pingcode.PROJECT;
				PRODUCT_NAME = "$(TARGET_NAME)";
				SWIFT_VERSION = 5.0;
				TARGETED_DEVICE_FAMILY = "1,2";
			};
			name = Release;
		};
		CD25AFB9255644D40006A5CC /* Debug */ = {
			isa = XCBuildConfiguration;
			buildSettings = {
				ALWAYS_EMBED_SWIFT_STANDARD_LIBRARIES = YES;
				BUNDLE_LOADER = "$(TEST_HOST)";
				CODE_SIGN_STYLE = Automatic;
				DEVELOPMENT_TEAM = GE35PAF7XQ;
				INFOPLIST_FILE = PROJECTTests/Info.plist;
				IPHONEOS_DEPLOYMENT_TARGET = 14.0;
				LD_RUNPATH_SEARCH_PATHS = (
					"$(inherited)",
					"@executable_path/Frameworks",
					"@loader_path/Frameworks",
				);
				PRODUCT_BUNDLE_IDENTIFIER = com.pingcode.PROJECTTests;
				PRODUCT_NAME = "$(TARGET_NAME)";
				SWIFT_VERSION = 5.0;
				TARGETED_DEVICE_FAMILY = "1,2";
				TEST_HOST = "$(BUILT_PRODUCTS_DIR)/PROJECT.app/PROJECT";
			};
			name = Debug;
		};
		CD25AFBA255644D40006A5CC /* Release */ = {
			isa = XCBuildConfiguration;
			buildSettings = {
				ALWAYS_EMBED_SWIFT_STANDARD_LIBRARIES = YES;
				BUNDLE_LOADER = "$(TEST_HOST)";
				CODE_SIGN_STYLE = Automatic;
				DEVELOPMENT_TEAM = GE35PAF7XQ;
				INFOPLIST_FILE = PROJECTTests/Info.plist;
				IPHONEOS_DEPLOYMENT_TARGET = 14.0;
				LD_RUNPATH_SEARCH_PATHS = (
					"$(inherited)",
					"@executable_path/Frameworks",
					"@loader_path/Frameworks",
				);
				PRODUCT_BUNDLE_IDENTIFIER = com.pingcode.PROJECTTests;
				PRODUCT_NAME = "$(TARGET_NAME)";
				SWIFT_VERSION = 5.0;
				TARGETED_DEVICE_FAMILY = "1,2";
				TEST_HOST = "$(BUILT_PRODUCTS_DIR)/PROJECT.app/PROJECT";
			};
			name = Release;
		};
		CD25AFBC255644D40006A5CC /* Debug */ = {
			isa = XCBuildConfiguration;
			buildSettings = {
				ALWAYS_EMBED_SWIFT_STANDARD_LIBRARIES = YES;
				CODE_SIGN_STYLE = Automatic;
				DEVELOPMENT_TEAM = GE35PAF7XQ;
				INFOPLIST_FILE = PROJECTUITests/Info.plist;
				LD_RUNPATH_SEARCH_PATHS = (
					"$(inherited)",
					"@executable_path/Frameworks",
					"@loader_path/Frameworks",
				);
				PRODUCT_BUNDLE_IDENTIFIER = com.pingcode.PROJECTUITests;
				PRODUCT_NAME = "$(TARGET_NAME)";
				SWIFT_VERSION = 5.0;
				TARGETED_DEVICE_FAMILY = "1,2";
				TEST_TARGET_NAME = PROJECT;
			};
			name = Debug;
		};
		CD25AFBD255644D40006A5CC /* Release */ = {
			isa = XCBuildConfiguration;
			buildSettings = {
				ALWAYS_EMBED_SWIFT_STANDARD_LIBRARIES = YES;
				CODE_SIGN_STYLE = Automatic;
				DEVELOPMENT_TEAM = GE35PAF7XQ;
				INFOPLIST_FILE = PROJECTUITests/Info.plist;
				LD_RUNPATH_SEARCH_PATHS = (
					"$(inherited)",
					"@executable_path/Frameworks",
					"@loader_path/Frameworks",
				);
				PRODUCT_BUNDLE_IDENTIFIER = com.pingcode.PROJECTUITests;
				PRODUCT_NAME = "$(TARGET_NAME)";
				SWIFT_VERSION = 5.0;
				TARGETED_DEVICE_FAMILY = "1,2";
				TEST_TARGET_NAME = PROJECT;
			};
			name = Release;
		};
/* End XCBuildConfiguration section */

/* Begin XCConfigurationList section */
		CD25AF8B255644D10006A5CC /* Build configuration list for PBXProject "PROJECT" */ = {
			isa = XCConfigurationList;
			buildConfigurations = (
				CD25AFB3255644D40006A5CC /* Debug */,
				CD25AFB4255644D40006A5CC /* Release */,
			);
			defaultConfigurationIsVisible = 0;
			defaultConfigurationName = Release;
		};
		CD25AFB5255644D40006A5CC /* Build configuration list for PBXNativeTarget "PROJECT" */ = {
			isa = XCConfigurationList;
			buildConfigurations = (
				CD25AFB6255644D40006A5CC /* Debug */,
				CD25AFB7255644D40006A5CC /* Release */,
			);
			defaultConfigurationIsVisible = 0;
			defaultConfigurationName = Release;
		};
		CD25AFB8255644D40006A5CC /* Build configuration list for PBXNativeTarget "PROJECTTests" */ = {
			isa = XCConfigurationList;
			buildConfigurations = (
				CD25AFB9255644D40006A5CC /* Debug */,
				CD25AFBA255644D40006A5CC /* Release */,
			);
			defaultConfigurationIsVisible = 0;
			defaultConfigurationName = Release;
		};
		CD25AFBB255644D40006A5CC /* Build configuration list for PBXNativeTarget "PROJECTUITests" */ = {
			isa = XCConfigurationList;
			buildConfigurations = (
				CD25AFBC255644D40006A5CC /* Debug */,
				CD25AFBD255644D40006A5CC /* Release */,
			);
			defaultConfigurationIsVisible = 0;
			defaultConfigurationName = Release;
		};
/* End XCConfigurationList section */
	};
	rootObject = CD25AF88255644D10006A5CC /* Project object */;
}
